
Microsoft Visual Studio Solution File, Format Version 12.00
# Visual Studio 15
VisualStudioVersion = 15.0.26730.16
MinimumVisualStudioVersion = 10.0.40219.1
Project("{FAE04EC0-301F-11D3-BF4B-00C04F79EFBC}") = "FruitImportLogic", "FruitImportLogic\FruitImportLogic.csproj", "{41601E9E-0185-46E3-9D2F-DAB35763FD93}"
EndProject
Project("{FAE04EC0-301F-11D3-BF4B-00C04F79EFBC}") = "FruitImportService", "FruitImportService\FruitImportService.csproj", "{A2E5A54A-EFE0-4364-B182-015EC3F296A5}"
EndProject
Project("{FAE04EC0-301F-11D3-BF4B-00C04F79EFBC}") = "ImportTestApplication", "ImportTestApplication\ImportTestApplication.csproj", "{BA864C37-E268-4292-893B-AD76F4E706AA}"
EndProject
Project("{54435603-DBB4-11D2-8724-00A0C9A8B90C}") = "ServiceSetup", "ServiceSetup\ServiceSetup.vdproj", "{1FD23622-C34F-4D08-B5CD-9A036A454F94}"
EndProject
Global
	GlobalSection(SolutionConfigurationPlatforms) = preSolution
		Debug|Any CPU = Debug|Any CPU
		Release|Any CPU = Release|Any CPU
	EndGlobalSection
	GlobalSection(ProjectConfigurationPlatforms) = postSolution
		{41601E9E-0185-46E3-9D2F-DAB35763FD93}.Debug|Any CPU.ActiveCfg = Debug|Any CPU
		{41601E9E-0185-46E3-9D2F-DAB35763FD93}.Debug|Any CPU.Build.0 = Debug|Any CPU
		{41601E9E-0185-46E3-9D2F-DAB35763FD93}.Release|Any CPU.ActiveCfg = Release|Any CPU
		{41601E9E-0185-46E3-9D2F-DAB35763FD93}.Release|Any CPU.Build.0 = Release|Any CPU
		{A2E5A54A-EFE0-4364-B182-015EC3F296A5}.Debug|Any CPU.ActiveCfg = Debug|Any CPU
		{A2E5A54A-EFE0-4364-B182-015EC3F296A5}.Debug|Any CPU.Build.0 = Debug|Any CPU
		{A2E5A54A-EFE0-4364-B182-015EC3F296A5}.Release|Any CPU.ActiveCfg = Release|Any CPU
		{A2E5A54A-EFE0-4364-B182-015EC3F296A5}.Release|Any CPU.Build.0 = Release|Any CPU
		{BA864C37-E268-4292-893B-AD76F4E706AA}.Debug|Any CPU.ActiveCfg = Debug|Any CPU
		{BA864C37-E268-4292-893B-AD76F4E706AA}.Debug|Any CPU.Build.0 = Debug|Any CPU
		{BA864C37-E268-4292-893B-AD76F4E706AA}.Release|Any CPU.ActiveCfg = Release|Any CPU
		{BA864C37-E268-4292-893B-AD76F4E706AA}.Release|Any CPU.Build.0 = Release|Any CPU
		{1FD23622-C34F-4D08-B5CD-9A036A454F94}.Debug|Any CPU.ActiveCfg = Debug
		{1FD23622-C34F-4D08-B5CD-9A036A454F94}.Release|Any CPU.ActiveCfg = Release
	EndGlobalSection
	GlobalSection(SolutionProperties) = preSolution
		HideSolutionNode = FALSE
	EndGlobalSection
	GlobalSection(ExtensibilityGlobals) = postSolution
		SolutionGuid = {D4C5B718-8453-490B-96E2-CA1E5DD4D917}
	EndGlobalSection
EndGlobal
